
Microsoft Visual Studio Solution File, Format Version 12.00
# Visual Studio Version 17
VisualStudioVersion = 17.8.34601.278
MinimumVisualStudioVersion = 10.0.40219.1
Project("{FAE04EC0-301F-11D3-BF4B-00C04F79EFBC}") = "MortgagePlan", "MortgagePlan\MortgagePlan.csproj", "{58067882-9384-4C84-A89B-103A53BD45DC}"
EndProject
Project("{FAE04EC0-301F-11D3-BF4B-00C04F79EFBC}") = "MortgagePlan.Business", "MortgagePlan.Business\MortgagePlan.Business.csproj", "{1EAC5BCB-198A-4435-ADD2-B532099B7E24}"
EndProject
Project("{FAE04EC0-301F-11D3-BF4B-00C04F79EFBC}") = "MortgagePlan.Data", "MortgagePlan.Data\MortgagePlan.Data.csproj", "{1542DBB2-5FC0-4208-A42E-6042AD0CA0B2}"
EndProject
Project("{FAE04EC0-301F-11D3-BF4B-00C04F79EFBC}") = "MortgagePlan.Tests", "MortgagePlan.Tests\MortgagePlan.Tests.csproj", "{27BD9BDD-5D35-44AB-8827-90B3E0E55D11}"
EndProject
Global
	GlobalSection(SolutionConfigurationPlatforms) = preSolution
		Debug|Any CPU = Debug|Any CPU
		Release|Any CPU = Release|Any CPU
	EndGlobalSection
	GlobalSection(ProjectConfigurationPlatforms) = postSolution
		{58067882-9384-4C84-A89B-103A53BD45DC}.Debug|Any CPU.ActiveCfg = Debug|Any CPU
		{58067882-9384-4C84-A89B-103A53BD45DC}.Debug|Any CPU.Build.0 = Debug|Any CPU
		{58067882-9384-4C84-A89B-103A53BD45DC}.Release|Any CPU.ActiveCfg = Release|Any CPU
		{58067882-9384-4C84-A89B-103A53BD45DC}.Release|Any CPU.Build.0 = Release|Any CPU
		{1EAC5BCB-198A-4435-ADD2-B532099B7E24}.Debug|Any CPU.ActiveCfg = Debug|Any CPU
		{1EAC5BCB-198A-4435-ADD2-B532099B7E24}.Debug|Any CPU.Build.0 = Debug|Any CPU
		{1EAC5BCB-198A-4435-ADD2-B532099B7E24}.Release|Any CPU.ActiveCfg = Release|Any CPU
		{1EAC5BCB-198A-4435-ADD2-B532099B7E24}.Release|Any CPU.Build.0 = Release|Any CPU
		{1542DBB2-5FC0-4208-A42E-6042AD0CA0B2}.Debug|Any CPU.ActiveCfg = Debug|Any CPU
		{1542DBB2-5FC0-4208-A42E-6042AD0CA0B2}.Debug|Any CPU.Build.0 = Debug|Any CPU
		{1542DBB2-5FC0-4208-A42E-6042AD0CA0B2}.Release|Any CPU.ActiveCfg = Release|Any CPU
		{1542DBB2-5FC0-4208-A42E-6042AD0CA0B2}.Release|Any CPU.Build.0 = Release|Any CPU
		{27BD9BDD-5D35-44AB-8827-90B3E0E55D11}.Debug|Any CPU.ActiveCfg = Debug|Any CPU
		{27BD9BDD-5D35-44AB-8827-90B3E0E55D11}.Debug|Any CPU.Build.0 = Debug|Any CPU
		{27BD9BDD-5D35-44AB-8827-90B3E0E55D11}.Release|Any CPU.ActiveCfg = Release|Any CPU
		{27BD9BDD-5D35-44AB-8827-90B3E0E55D11}.Release|Any CPU.Build.0 = Release|Any CPU
	EndGlobalSection
	GlobalSection(SolutionProperties) = preSolution
		HideSolutionNode = FALSE
	EndGlobalSection
	GlobalSection(ExtensibilityGlobals) = postSolution
		SolutionGuid = {FC023DBF-921C-4733-AF60-73DE8A38F28B}
	EndGlobalSection
EndGlobal
